<Solution>
  <Project Path="ITManager.Api/ITManager.Api.csproj" />
  <Project Path="ITManager.Application/ITManager.Application.csproj" />
  <Project Path="ITManager.Domain/ITManager.Domain.csproj" />
  <Project Path="ITManager.Infrastructure/ITManager.Infrastructure.csproj" />
  <Project Path="ITManager.Web/ITManager.Web.csproj" />
  <Project Path="ITManager.Worker/ITManager.Worker.csproj" />
</Solution>
